<?xml version="1.0" encoding="UTF-8" standalone="yes" ?>
<CodeBlocks_project_file>
	<FileVersion major="1" minor="6" />
	<Project>
		<Option title="2048_giang" />
		<Option pch_mode="2" />
		<Option compiler="gcc" />
		<Build>
			<Target title="Debug">
				<Option output="bin/Debug/2048_giang" prefix_auto="1" extension_auto="1" />
				<Option object_output="obj/Debug/" />
				<Option type="1" />
				<Option compiler="gcc" />
				<Compiler>
					<Add option="-g" />
				</Compiler>
			</Target>
			<Target title="Release">
				<Option output="bin/Release/2048_giang" prefix_auto="1" extension_auto="1" />
				<Option object_output="obj/Release/" />
				<Option type="1" />
				<Option compiler="gcc" />
				<Compiler>
					<Add option="-O2" />
				</Compiler>
				<Linker>
					<Add option="-s" />
				</Linker>
			</Target>
		</Build>
		<Compiler>
			<Add option="-Wall" />
			<Add option="-fexceptions" />
		</Compiler>
		<Unit filename="2048_giang.cbp" />
		<Unit filename="2048_giang.depend" />
		<Unit filename="README.md" />
		<Unit filename="SDL2.dll" />
		<Unit filename="SDL2_image.dll" />
		<Unit filename="SDL2_ttf.dll" />
		<Unit filename="display.cpp" />
		<Unit filename="display.hpp" />
		<Unit filename="init.cpp" />
		<Unit filename="init.hpp" />
		<Unit filename="libfreetype-6.dll" />
		<Unit filename="libjpeg-9.dll" />
		<Unit filename="libpng16-16.dll" />
		<Unit filename="libtiff-5.dll" />
		<Unit filename="libwebp-4.dll" />
		<Unit filename="logic.cpp" />
		<Unit filename="logic.hpp" />
		<Unit filename="main.cpp" />
		<Unit filename="object.hpp" />
		<Unit filename="updateArray.cpp" />
		<Unit filename="updateArray.hpp" />
		<Unit filename="zlib1.dll" />
		<Extensions>
			<code_completion />
			<envvars />
			<debugger />
			<lib_finder disable_auto="1" />
		</Extensions>
	</Project>
</CodeBlocks_project_file>
